
Microsoft Visual Studio Solution File, Format Version 12.00
# Visual Studio 15
VisualStudioVersion = 15.0.26124.0
MinimumVisualStudioVersion = 15.0.26124.0
Project("{FAE04EC0-301F-11D3-BF4B-00C04F79EFBC}") = "SpyStore.Hol.Mvc", "SpyStore.Hol.Mvc\SpyStore.Hol.Mvc.csproj", "{673AB6CC-4341-4E94-8615-D98076E6CC6E}"
EndProject
Project("{FAE04EC0-301F-11D3-BF4B-00C04F79EFBC}") = "SpyStore.Hol.Dal", "SpyStore.Hol.Dal\SpyStore.Hol.Dal.csproj", "{CD13D6BB-29EC-4ADB-9CCA-64A0F615D23E}"
EndProject
Project("{FAE04EC0-301F-11D3-BF4B-00C04F79EFBC}") = "SpyStore.Hol.Models", "SpyStore.Hol.Models\SpyStore.Hol.Models.csproj", "{8F4F7EDB-992A-4F60-9003-1C6E5606FC36}"
EndProject
Project("{FAE04EC0-301F-11D3-BF4B-00C04F79EFBC}") = "SpyStore.Hol.Dal.Tests", "SpyStore.Hol.Dal.Tests\SpyStore.Hol.Dal.Tests.csproj", "{A7926353-C7ED-4237-A0C7-59AD748CB2CA}"
EndProject
Project("{2150E333-8FDC-42A3-9474-1A3956D46DE8}") = "SolutionItems", "SolutionItems", "{FFE916C7-DDBD-4113-94EE-BF2378AEFADA}"
	ProjectSection(SolutionItems) = preProject
		DockerDal.txt = DockerDal.txt
		global.json = global.json
		migration.sql = migration.sql
		Migrations.txt = Migrations.txt
	EndProjectSection
EndProject
Global
	GlobalSection(SolutionConfigurationPlatforms) = preSolution
		Debug|Any CPU = Debug|Any CPU
		Debug|x64 = Debug|x64
		Debug|x86 = Debug|x86
		Release|Any CPU = Release|Any CPU
		Release|x64 = Release|x64
		Release|x86 = Release|x86
	EndGlobalSection
	GlobalSection(SolutionProperties) = preSolution
		HideSolutionNode = FALSE
	EndGlobalSection
	GlobalSection(ProjectConfigurationPlatforms) = postSolution
		{673AB6CC-4341-4E94-8615-D98076E6CC6E}.Debug|Any CPU.ActiveCfg = Debug|Any CPU
		{673AB6CC-4341-4E94-8615-D98076E6CC6E}.Debug|Any CPU.Build.0 = Debug|Any CPU
		{673AB6CC-4341-4E94-8615-D98076E6CC6E}.Debug|x64.ActiveCfg = Debug|Any CPU
		{673AB6CC-4341-4E94-8615-D98076E6CC6E}.Debug|x64.Build.0 = Debug|Any CPU
		{673AB6CC-4341-4E94-8615-D98076E6CC6E}.Debug|x86.ActiveCfg = Debug|Any CPU
		{673AB6CC-4341-4E94-8615-D98076E6CC6E}.Debug|x86.Build.0 = Debug|Any CPU
		{673AB6CC-4341-4E94-8615-D98076E6CC6E}.Release|Any CPU.ActiveCfg = Release|Any CPU
		{673AB6CC-4341-4E94-8615-D98076E6CC6E}.Release|Any CPU.Build.0 = Release|Any CPU
		{673AB6CC-4341-4E94-8615-D98076E6CC6E}.Release|x64.ActiveCfg = Release|Any CPU
		{673AB6CC-4341-4E94-8615-D98076E6CC6E}.Release|x64.Build.0 = Release|Any CPU
		{673AB6CC-4341-4E94-8615-D98076E6CC6E}.Release|x86.ActiveCfg = Release|Any CPU
		{673AB6CC-4341-4E94-8615-D98076E6CC6E}.Release|x86.Build.0 = Release|Any CPU
		{CD13D6BB-29EC-4ADB-9CCA-64A0F615D23E}.Debug|Any CPU.ActiveCfg = Debug|Any CPU
		{CD13D6BB-29EC-4ADB-9CCA-64A0F615D23E}.Debug|Any CPU.Build.0 = Debug|Any CPU
		{CD13D6BB-29EC-4ADB-9CCA-64A0F615D23E}.Debug|x64.ActiveCfg = Debug|Any CPU
		{CD13D6BB-29EC-4ADB-9CCA-64A0F615D23E}.Debug|x64.Build.0 = Debug|Any CPU
		{CD13D6BB-29EC-4ADB-9CCA-64A0F615D23E}.Debug|x86.ActiveCfg = Debug|Any CPU
		{CD13D6BB-29EC-4ADB-9CCA-64A0F615D23E}.Debug|x86.Build.0 = Debug|Any CPU
		{CD13D6BB-29EC-4ADB-9CCA-64A0F615D23E}.Release|Any CPU.ActiveCfg = Release|Any CPU
		{CD13D6BB-29EC-4ADB-9CCA-64A0F615D23E}.Release|Any CPU.Build.0 = Release|Any CPU
		{CD13D6BB-29EC-4ADB-9CCA-64A0F615D23E}.Release|x64.ActiveCfg = Release|Any CPU
		{CD13D6BB-29EC-4ADB-9CCA-64A0F615D23E}.Release|x64.Build.0 = Release|Any CPU
		{CD13D6BB-29EC-4ADB-9CCA-64A0F615D23E}.Release|x86.ActiveCfg = Release|Any CPU
		{CD13D6BB-29EC-4ADB-9CCA-64A0F615D23E}.Release|x86.Build.0 = Release|Any CPU
		{8F4F7EDB-992A-4F60-9003-1C6E5606FC36}.Debug|Any CPU.ActiveCfg = Debug|Any CPU
		{8F4F7EDB-992A-4F60-9003-1C6E5606FC36}.Debug|Any CPU.Build.0 = Debug|Any CPU
		{8F4F7EDB-992A-4F60-9003-1C6E5606FC36}.Debug|x64.ActiveCfg = Debug|Any CPU
		{8F4F7EDB-992A-4F60-9003-1C6E5606FC36}.Debug|x64.Build.0 = Debug|Any CPU
		{8F4F7EDB-992A-4F60-9003-1C6E5606FC36}.Debug|x86.ActiveCfg = Debug|Any CPU
		{8F4F7EDB-992A-4F60-9003-1C6E5606FC36}.Debug|x86.Build.0 = Debug|Any CPU
		{8F4F7EDB-992A-4F60-9003-1C6E5606FC36}.Release|Any CPU.ActiveCfg = Release|Any CPU
		{8F4F7EDB-992A-4F60-9003-1C6E5606FC36}.Release|Any CPU.Build.0 = Release|Any CPU
		{8F4F7EDB-992A-4F60-9003-1C6E5606FC36}.Release|x64.ActiveCfg = Release|Any CPU
		{8F4F7EDB-992A-4F60-9003-1C6E5606FC36}.Release|x64.Build.0 = Release|Any CPU
		{8F4F7EDB-992A-4F60-9003-1C6E5606FC36}.Release|x86.ActiveCfg = Release|Any CPU
		{8F4F7EDB-992A-4F60-9003-1C6E5606FC36}.Release|x86.Build.0 = Release|Any CPU
		{A7926353-C7ED-4237-A0C7-59AD748CB2CA}.Debug|Any CPU.ActiveCfg = Debug|Any CPU
		{A7926353-C7ED-4237-A0C7-59AD748CB2CA}.Debug|Any CPU.Build.0 = Debug|Any CPU
		{A7926353-C7ED-4237-A0C7-59AD748CB2CA}.Debug|x64.ActiveCfg = Debug|Any CPU
		{A7926353-C7ED-4237-A0C7-59AD748CB2CA}.Debug|x64.Build.0 = Debug|Any CPU
		{A7926353-C7ED-4237-A0C7-59AD748CB2CA}.Debug|x86.ActiveCfg = Debug|Any CPU
		{A7926353-C7ED-4237-A0C7-59AD748CB2CA}.Debug|x86.Build.0 = Debug|Any CPU
		{A7926353-C7ED-4237-A0C7-59AD748CB2CA}.Release|Any CPU.ActiveCfg = Release|Any CPU
		{A7926353-C7ED-4237-A0C7-59AD748CB2CA}.Release|Any CPU.Build.0 = Release|Any CPU
		{A7926353-C7ED-4237-A0C7-59AD748CB2CA}.Release|x64.ActiveCfg = Release|Any CPU
		{A7926353-C7ED-4237-A0C7-59AD748CB2CA}.Release|x64.Build.0 = Release|Any CPU
		{A7926353-C7ED-4237-A0C7-59AD748CB2CA}.Release|x86.ActiveCfg = Release|Any CPU
		{A7926353-C7ED-4237-A0C7-59AD748CB2CA}.Release|x86.Build.0 = Release|Any CPU
	EndGlobalSection
EndGlobal
